PODS:
  - AFNetworking (3.2.1):
    - AFNetworking/NSURLSession (= 3.2.1)
    - AFNetworking/Reachability (= 3.2.1)
    - AFNetworking/Security (= 3.2.1)
    - AFNetworking/Serialization (= 3.2.1)
    - AFNetworking/UIKit (= 3.2.1)
  - AFNetworking/NSURLSession (3.2.1):
    - AFNetworking/Reachability
    - AFNetworking/Security
    - AFNetworking/Serialization
  - AFNetworking/Reachability (3.2.1)
  - AFNetworking/Security (3.2.1)
  - AFNetworking/Serialization (3.2.1)
  - AFNetworking/UIKit (3.2.1):
    - AFNetworking/NSURLSession
  - AliyunOSSiOS (2.10.8)
  - eCameraLib (1.0.0)
  - eHRFaceSDK (3.1.6):
    - AliyunOSSiOS
  - HRBocSignContract (2.1.8):
    - eCameraLib
    - eHRFaceSDK
    - "UITableView+FDTemplateLayoutCell"
  - HRLivingBodyDetection (1.0.2):
    - AFNetworking
    - HRLivingBodyDetection/GHSdkLib (= 1.0.2)
    - HRLivingBodyDetection/ZHSdkLib (= 1.0.2)
    - IQKeyboardManager
    - Masonry
    - MBProgressHUD
    - MJExtension
    - MJRefresh
    - NIMSDK (~> 6.10.1)
    - SDWebImage
    - WPAttributedMarkup
  - HRLivingBodyDetection/GHSdkLib (1.0.2):
    - AFNetworking
    - IQKeyboardManager
    - Masonry
    - MBProgressHUD
    - MJExtension
    - MJRefresh
    - NIMSDK (~> 6.10.1)
    - SDWebImage
    - WPAttributedMarkup
  - HRLivingBodyDetection/ZHSdkLib (1.0.2):
    - AFNetworking
    - IQKeyboardManager
    - Masonry
    - MBProgressHUD
    - MJExtension
    - MJRefresh
    - NIMSDK (~> 6.10.1)
    - SDWebImage
    - WPAttributedMarkup
  - IQKeyboardManager (6.5.5)
  - Masonry (1.1.0)
  - MBProgressHUD (1.2.0)
  - MJExtension (3.2.1)
  - MJRefresh (3.3.1)
  - NIMSDK (6.10.1)
  - SDWebImage (5.6.0):
    - SDWebImage/Core (= 5.6.0)
  - SDWebImage/Core (5.6.0)
  - "UITableView+FDTemplateLayoutCell (1.6)"
  - WPAttributedMarkup (1.0.0)

DEPENDENCIES:
  - HRBocSignContract (from `https://gitee.com/bizhanlu/HRBocSignContract.git`, tag `2.1.8`)
  - HRLivingBodyDetection (from `https://gitee.com/bizhanlu/HRLivingBodyDetection.git`, tag `1.0.2`)

SPEC REPOS:
  trunk:
    - AFNetworking
    - AliyunOSSiOS
    - eCameraLib
    - eHRFaceSDK
    - IQKeyboardManager
    - Masonry
    - MBProgressHUD
    - MJExtension
    - MJRefresh
    - NIMSDK
    - SDWebImage
    - "UITableView+FDTemplateLayoutCell"
    - WPAttributedMarkup

EXTERNAL SOURCES:
  HRBocSignContract:
    :git: https://gitee.com/bizhanlu/HRBocSignContract.git
    :tag: 2.1.8
  HRLivingBodyDetection:
    :git: https://gitee.com/bizhanlu/HRLivingBodyDetection.git
    :tag: 1.0.2

CHECKOUT OPTIONS:
  HRBocSignContract:
    :git: https://gitee.com/bizhanlu/HRBocSignContract.git
    :tag: 2.1.8
  HRLivingBodyDetection:
    :git: https://gitee.com/bizhanlu/HRLivingBodyDetection.git
    :tag: 1.0.2

SPEC CHECKSUMS:
  AFNetworking: b6f891fdfaed196b46c7a83cf209e09697b94057
  AliyunOSSiOS: 8db92936545593b9e5c66d680ef2ac0738946651
  eCameraLib: b73d438db4a0a7dcbc7d247b6ad26bc47818b0b7
  eHRFaceSDK: b88a0efa846972bc86a97c7c73dd2c3441c41e06
  HRBocSignContract: 9871fee18e59830cd2c93e11eebe38c17e392911
  HRLivingBodyDetection: 5942c85efe93cd603b5c370aab149da164a8d00f
  IQKeyboardManager: 3a8b9e603f8b0eeaf5f096a1f2b2cfcf121992ef
  Masonry: 678fab65091a9290e40e2832a55e7ab731aad201
  MBProgressHUD: 3ee5efcc380f6a79a7cc9b363dd669c5e1ae7406
  MJExtension: 635f2c663dcb1bf76fa4b715b2570a5710aec545
  MJRefresh: eeda70fbf0ad277f3178cef1cd0c3532591d6237
  NIMSDK: f2fbf1729e352fbe6345adf1d081a9ac8856b7cb
  SDWebImage: 21b19f56b4226cdfe3aefe4e6848dc43ed129a86
  "UITableView+FDTemplateLayoutCell": 5c949b4a5059c404b442926c0e80f81d10a2d66f
  WPAttributedMarkup: eb50878af4ec647d8d2090f721a5cfe7d29c27fe

PODFILE CHECKSUM: 05b054388a8ea37de0adc817137d65e49843b65a

COCOAPODS: 1.8.4
