PODS:
  - AFNetworking (3.2.1):
    - AFNetworking/NSURLSession (= 3.2.1)
    - AFNetworking/Reachability (= 3.2.1)
    - AFNetworking/Security (= 3.2.1)
    - AFNetworking/Serialization (= 3.2.1)
    - AFNetworking/UIKit (= 3.2.1)
  - AFNetworking/NSURLSession (3.2.1):
    - AFNetworking/Reachability
    - AFNetworking/Security
    - AFNetworking/Serialization
  - AFNetworking/Reachability (3.2.1)
  - AFNetworking/Security (3.2.1)
  - AFNetworking/Serialization (3.2.1)
  - AFNetworking/UIKit (3.2.1):
    - AFNetworking/NSURLSession
  - AliyunOSSiOS (2.10.8)
  - eCameraLib (1.0.0)
  - eHRFaceSDK (3.1.6.1):
    - AliyunOSSiOS
  - HRBocSignContract (2.2.3):
    - eCameraLib
    - eHRFaceSDK
    - "UITableView+FDTemplateLayoutCell"
  - HRLivingBodyDetection (1.0.2):
    - AFNetworking
    - HRLivingBodyDetection/GHSdkLib (= 1.0.2)
    - HRLivingBodyDetection/ZHSdkLib (= 1.0.2)
    - IQKeyboardManager
    - Masonry
    - MBProgressHUD
    - MJExtension
    - MJRefresh
    - NIMSDK (~> 6.10.1)
    - SDWebImage
    - WPAttributedMarkup
  - HRLivingBodyDetection/GHSdkLib (1.0.2):
    - AFNetworking
    - IQKeyboardManager
    - Masonry
    - MBProgressHUD
    - MJExtension
    - MJRefresh
    - NIMSDK (~> 6.10.1)
    - SDWebImage
    - WPAttributedMarkup
  - HRLivingBodyDetection/ZHSdkLib (1.0.2):
    - AFNetworking
    - IQKeyboardManager
    - Masonry
    - MBProgressHUD
    - MJExtension
    - MJRefresh
    - NIMSDK (~> 6.10.1)
    - SDWebImage
    - WPAttributedMarkup
  - IQKeyboardManager (6.5.6)
  - Masonry (1.1.0)
  - MBProgressHUD (1.2.0)
  - MJExtension (3.2.2)
  - MJRefresh (3.5.0)
  - NIMSDK (6.10.1)
  - SDWebImage (5.9.0):
    - SDWebImage/Core (= 5.9.0)
  - SDWebImage/Core (5.9.0)
  - "UITableView+FDTemplateLayoutCell (1.6)"
  - WPAttributedMarkup (1.0.0)

DEPENDENCIES:
  - eHRFaceSDK (from `https://github.com/lytios/eHRFaceSDK.git`, tag `3.1.6.1`)
  - HRBocSignContract (from `https://gitee.com/bizhanlu/HRBocSignContract.git`, tag `2.2.3`)
  - HRLivingBodyDetection (from `https://gitee.com/bizhanlu/HRLivingBodyDetection.git`, tag `1.0.2`)

SPEC REPOS:
  trunk:
    - AFNetworking
    - AliyunOSSiOS
    - eCameraLib
    - IQKeyboardManager
    - Masonry
    - MBProgressHUD
    - MJExtension
    - MJRefresh
    - NIMSDK
    - SDWebImage
    - "UITableView+FDTemplateLayoutCell"
    - WPAttributedMarkup

EXTERNAL SOURCES:
  eHRFaceSDK:
    :git: https://github.com/lytios/eHRFaceSDK.git
    :tag: 3.1.6.1
  HRBocSignContract:
    :git: https://gitee.com/bizhanlu/HRBocSignContract.git
    :tag: 2.2.3
  HRLivingBodyDetection:
    :git: https://gitee.com/bizhanlu/HRLivingBodyDetection.git
    :tag: 1.0.2

CHECKOUT OPTIONS:
  eHRFaceSDK:
    :git: https://github.com/lytios/eHRFaceSDK.git
    :tag: 3.1.6.1
  HRBocSignContract:
    :git: https://gitee.com/bizhanlu/HRBocSignContract.git
    :tag: 2.2.3
  HRLivingBodyDetection:
    :git: https://gitee.com/bizhanlu/HRLivingBodyDetection.git
    :tag: 1.0.2

SPEC CHECKSUMS:
  AFNetworking: b6f891fdfaed196b46c7a83cf209e09697b94057
  AliyunOSSiOS: 8db92936545593b9e5c66d680ef2ac0738946651
  eCameraLib: b73d438db4a0a7dcbc7d247b6ad26bc47818b0b7
  eHRFaceSDK: 26d49ed78852a18ec6e83b9001108fef4afb925c
  HRBocSignContract: 66b2f88371395510b1ec6f1318243d96792fc38f
  HRLivingBodyDetection: 5942c85efe93cd603b5c370aab149da164a8d00f
  IQKeyboardManager: 2a6e97afdafc7becf0cb17a9a8d795e3a980717f
  Masonry: 678fab65091a9290e40e2832a55e7ab731aad201
  MBProgressHUD: 3ee5efcc380f6a79a7cc9b363dd669c5e1ae7406
  MJExtension: d9b9c74cbdeb724c1e9ecbb157b318276e62e876
  MJRefresh: 6afc955813966afb08305477dd7a0d9ad5e79a16
  NIMSDK: f2fbf1729e352fbe6345adf1d081a9ac8856b7cb
  SDWebImage: 62ae4a18473520c67b79e9724c31a63599cc9423
  "UITableView+FDTemplateLayoutCell": 5c949b4a5059c404b442926c0e80f81d10a2d66f
  WPAttributedMarkup: eb50878af4ec647d8d2090f721a5cfe7d29c27fe

PODFILE CHECKSUM: c6f6dd76ebca69ab31bed88a6160be457944db45

COCOAPODS: 1.8.4
