PODS:
  - AFNetworking (3.2.1):
    - AFNetworking/NSURLSession (= 3.2.1)
    - AFNetworking/Reachability (= 3.2.1)
    - AFNetworking/Security (= 3.2.1)
    - AFNetworking/Serialization (= 3.2.1)
    - AFNetworking/UIKit (= 3.2.1)
  - AFNetworking/NSURLSession (3.2.1):
    - AFNetworking/Reachability
    - AFNetworking/Security
    - AFNetworking/Serialization
  - AFNetworking/Reachability (3.2.1)
  - AFNetworking/Security (3.2.1)
  - AFNetworking/Serialization (3.2.1)
  - AFNetworking/UIKit (3.2.1):
    - AFNetworking/NSURLSession
  - HRBocSignContract (2.2.8.xp):
    - "UITableView+FDTemplateLayoutCell"
  - HRLivingBodyDetection/ZHSdkLib (1.0.3):
    - AFNetworking
    - IQKeyboardManager
    - Masonry
    - MBProgressHUD
    - MJExtension
    - MJRefresh
    - NIMSDK
    - SDWebImage
    - WPAttributedMarkup
  - IQKeyboardManager (6.5.6)
  - Masonry (1.1.0)
  - MBProgressHUD (1.2.0)
  - MJExtension (3.2.4)
  - MJRefresh (3.5.0)
  - NIMSDK (7.4.0)
  - SDWebImage (5.9.5):
    - SDWebImage/Core (= 5.9.5)
  - SDWebImage/Core (5.9.5)
  - "UITableView+FDTemplateLayoutCell (1.6)"
  - WPAttributedMarkup (1.0.0)

DEPENDENCIES:
  - HRBocSignContract (from `../`)
  - HRLivingBodyDetection/ZHSdkLib (from `https://gitee.com/bizhanlu/HRLivingBodyDetection.git`, tag `1.0.3`)

SPEC REPOS:
  trunk:
    - AFNetworking
    - IQKeyboardManager
    - Masonry
    - MBProgressHUD
    - MJExtension
    - MJRefresh
    - NIMSDK
    - SDWebImage
    - "UITableView+FDTemplateLayoutCell"
    - WPAttributedMarkup

EXTERNAL SOURCES:
  HRBocSignContract:
    :path: "../"
  HRLivingBodyDetection:
    :git: https://gitee.com/bizhanlu/HRLivingBodyDetection.git
    :tag: 1.0.3

CHECKOUT OPTIONS:
  HRLivingBodyDetection:
    :git: https://gitee.com/bizhanlu/HRLivingBodyDetection.git
    :tag: 1.0.3

SPEC CHECKSUMS:
  AFNetworking: b6f891fdfaed196b46c7a83cf209e09697b94057
  HRBocSignContract: 2c5a22165add07f4a523bed79fd822b2136d5f47
  HRLivingBodyDetection: 85713d55b2f9912166fdf4c93451605dc5a50dfa
  IQKeyboardManager: 2a6e97afdafc7becf0cb17a9a8d795e3a980717f
  Masonry: 678fab65091a9290e40e2832a55e7ab731aad201
  MBProgressHUD: 3ee5efcc380f6a79a7cc9b363dd669c5e1ae7406
  MJExtension: 88e0900751b6cac8de1cf724ca9838a0b28d5acb
  MJRefresh: 6afc955813966afb08305477dd7a0d9ad5e79a16
  NIMSDK: 8759a66276dbeb633a62833d96ea57bdb046f611
  SDWebImage: 0b2ba0d56479bf6a45ecddbfd5558bea93150d25
  "UITableView+FDTemplateLayoutCell": 5c949b4a5059c404b442926c0e80f81d10a2d66f
  WPAttributedMarkup: eb50878af4ec647d8d2090f721a5cfe7d29c27fe

PODFILE CHECKSUM: e1dbea7619c26b2745075931f7b3f80b5f0219a4

COCOAPODS: 1.10.1
